
Microsoft Visual Studio Solution File, Format Version 12.00
# Visual Studio Version 16
VisualStudioVersion = 16.0.31105.61
MinimumVisualStudioVersion = 10.0.40219.1
Project("{FAE04EC0-301F-11D3-BF4B-00C04F79EFBC}") = "EBNFForm", "EBNFForm\EBNFForm.csproj", "{D1CA24CD-3C6D-4FF2-85A9-BE33E33D55C1}"
EndProject
Global
	GlobalSection(SolutionConfigurationPlatforms) = preSolution
		Debug|Any CPU = Debug|Any CPU
		Release|Any CPU = Release|Any CPU
	EndGlobalSection
	GlobalSection(ProjectConfigurationPlatforms) = postSolution
		{D1CA24CD-3C6D-4FF2-85A9-BE33E33D55C1}.Debug|Any CPU.ActiveCfg = Debug|Any CPU
		{D1CA24CD-3C6D-4FF2-85A9-BE33E33D55C1}.Debug|Any CPU.Build.0 = Debug|Any CPU
		{D1CA24CD-3C6D-4FF2-85A9-BE33E33D55C1}.Release|Any CPU.ActiveCfg = Release|Any CPU
		{D1CA24CD-3C6D-4FF2-85A9-BE33E33D55C1}.Release|Any CPU.Build.0 = Release|Any CPU
	EndGlobalSection
	GlobalSection(SolutionProperties) = preSolution
		HideSolutionNode = FALSE
	EndGlobalSection
	GlobalSection(ExtensibilityGlobals) = postSolution
		SolutionGuid = {EF76C060-FCC2-4ECE-B75D-BD3E7D20D092}
	EndGlobalSection
EndGlobal
